
Microsoft Visual Studio Solution File, Format Version 12.00
# Visual Studio Version 17
VisualStudioVersion = 17.3.32811.315
MinimumVisualStudioVersion = 10.0.40219.1
Project("{FAE04EC0-301F-11D3-BF4B-00C04F79EFBC}") = "StraitForward", "StraitForward\StraitForward.csproj", "{EEE21DB1-F8D1-4B1C-938D-945B0809C87A}"
EndProject
Project("{FAE04EC0-301F-11D3-BF4B-00C04F79EFBC}") = "CompileSafe", "CompileSafe\CompileSafe.csproj", "{3E969DC1-F08B-405C-857E-548BC0E9666E}"
EndProject
Project("{FAE04EC0-301F-11D3-BF4B-00C04F79EFBC}") = "Application", "Application\Application.csproj", "{C0A28294-CC98-4385-A93B-925E54230339}"
EndProject
Global
	GlobalSection(SolutionConfigurationPlatforms) = preSolution
		Debug|Any CPU = Debug|Any CPU
		Release|Any CPU = Release|Any CPU
	EndGlobalSection
	GlobalSection(ProjectConfigurationPlatforms) = postSolution
		{EEE21DB1-F8D1-4B1C-938D-945B0809C87A}.Debug|Any CPU.ActiveCfg = Debug|Any CPU
		{EEE21DB1-F8D1-4B1C-938D-945B0809C87A}.Debug|Any CPU.Build.0 = Debug|Any CPU
		{EEE21DB1-F8D1-4B1C-938D-945B0809C87A}.Release|Any CPU.ActiveCfg = Release|Any CPU
		{EEE21DB1-F8D1-4B1C-938D-945B0809C87A}.Release|Any CPU.Build.0 = Release|Any CPU
		{3E969DC1-F08B-405C-857E-548BC0E9666E}.Debug|Any CPU.ActiveCfg = Debug|Any CPU
		{3E969DC1-F08B-405C-857E-548BC0E9666E}.Debug|Any CPU.Build.0 = Debug|Any CPU
		{3E969DC1-F08B-405C-857E-548BC0E9666E}.Release|Any CPU.ActiveCfg = Release|Any CPU
		{3E969DC1-F08B-405C-857E-548BC0E9666E}.Release|Any CPU.Build.0 = Release|Any CPU
		{C0A28294-CC98-4385-A93B-925E54230339}.Debug|Any CPU.ActiveCfg = Debug|Any CPU
		{C0A28294-CC98-4385-A93B-925E54230339}.Debug|Any CPU.Build.0 = Debug|Any CPU
		{C0A28294-CC98-4385-A93B-925E54230339}.Release|Any CPU.ActiveCfg = Release|Any CPU
		{C0A28294-CC98-4385-A93B-925E54230339}.Release|Any CPU.Build.0 = Release|Any CPU
	EndGlobalSection
	GlobalSection(SolutionProperties) = preSolution
		HideSolutionNode = FALSE
	EndGlobalSection
	GlobalSection(ExtensibilityGlobals) = postSolution
		SolutionGuid = {97F81930-E1DF-49A0-A9E5-145C994556DC}
	EndGlobalSection
EndGlobal
